
Microsoft Visual Studio Solution File, Format Version 12.00
# Visual Studio Version 16
VisualStudioVersion = 16.0.30309.148
MinimumVisualStudioVersion = 10.0.40219.1
Project("{9A19103F-16F7-4668-BE54-9A1E7A4F7556}") = "SelfServiceLibrary.API", "SelfServiceLibrary.API\SelfServiceLibrary.API.csproj", "{66D32E9C-9A91-4CFF-9DAE-BAFD0BEA28F9}"
EndProject
Project("{E53339B2-1760-4266-BCC7-CA923CBCF16C}") = "docker-compose", "docker-compose.dcproj", "{BC444DD5-A742-445C-B06A-081656CAE24F}"
EndProject
Project("{2150E333-8FDC-42A3-9474-1A3956D46DE8}") = "Presentation", "Presentation", "{3FA47278-D4A0-4897-9D18-6B2A6A03E88D}"
EndProject
Project("{9A19103F-16F7-4668-BE54-9A1E7A4F7556}") = "SelfServiceLibrary.Web", "SelfServiceLibrary.Web\SelfServiceLibrary.Web.csproj", "{637E9D17-1776-438F-AC73-9005C7B4E978}"
EndProject
Project("{2150E333-8FDC-42A3-9474-1A3956D46DE8}") = "Core", "Core", "{0EF7C10D-89FF-430F-B1C7-AE5CC5B16860}"
EndProject
Project("{2150E333-8FDC-42A3-9474-1A3956D46DE8}") = "Infrastructure", "Infrastructure", "{75F64DE0-3BE1-4164-913D-DA5B09743B5A}"
EndProject
Project("{2150E333-8FDC-42A3-9474-1A3956D46DE8}") = "Tests", "Tests", "{8453474E-6A5C-4B79-9C81-49FA794A73E4}"
EndProject
Project("{9A19103F-16F7-4668-BE54-9A1E7A4F7556}") = "SelfServiceLibrary.BL", "SelfServiceLibrary.BL\SelfServiceLibrary.BL.csproj", "{810CF947-F831-47D7-9F5F-17333F7A7B03}"
EndProject
Project("{9A19103F-16F7-4668-BE54-9A1E7A4F7556}") = "SelfServiceLibrary.Mapping", "SelfServiceLibrary.Mapping\SelfServiceLibrary.Mapping.csproj", "{CCCB78AF-7FEF-4325-9D2A-6177DE2E1A5B}"
EndProject
Project("{9A19103F-16F7-4668-BE54-9A1E7A4F7556}") = "SelfServiceLibrary.CSV", "SelfServiceLibrary.CSV\SelfServiceLibrary.CSV.csproj", "{067C02D3-3F15-4017-B6B1-0D656656DC98}"
EndProject
Project("{2150E333-8FDC-42A3-9474-1A3956D46DE8}") = "Solution Items", "Solution Items", "{58C573EA-15E6-4B4E-827C-6784A8ACFBAD}"
	ProjectSection(SolutionItems) = preProject
		README.md = README.md
	EndProjectSection
EndProject
Project("{9A19103F-16F7-4668-BE54-9A1E7A4F7556}") = "CVUT.Usermap", "CVUT.Usermap\CVUT.Usermap.csproj", "{EF15AFAF-34D5-40D4-9BA8-5DFE6112B5FC}"
EndProject
Project("{9A19103F-16F7-4668-BE54-9A1E7A4F7556}") = "CVUT.Auth", "CVUT.Auth\CVUT.Auth.csproj", "{7CCC6CF5-5B9E-4C3D-87E8-6FEFDA52705E}"
EndProject
Project("{9A19103F-16F7-4668-BE54-9A1E7A4F7556}") = "SelfServiceLibrary.Mapping.Tests", "SelfServiceLibrary.Mapping.Tests\SelfServiceLibrary.Mapping.Tests.csproj", "{874086FB-5395-456E-A719-19ADFC4582D2}"
EndProject
Project("{9A19103F-16F7-4668-BE54-9A1E7A4F7556}") = "SelfServiceLibrary.Card.Authentication", "SelfServiceLibrary.Card.Authentication\SelfServiceLibrary.Card.Authentication.csproj", "{20FFBAB3-FB8A-4C53-952D-4135F6AEDCC6}"
EndProject
Project("{9A19103F-16F7-4668-BE54-9A1E7A4F7556}") = "SelfServiceLibrary.DAL", "SelfServiceLibrary.DAL\SelfServiceLibrary.DAL.csproj", "{F5B5D967-01E6-44EB-B4A2-B33BF4D2F0E4}"
EndProject
Project("{9A19103F-16F7-4668-BE54-9A1E7A4F7556}") = "SelfServiceLibrary.Integration.Tests", "SelfServiceLibrary.Integration.Tests\SelfServiceLibrary.Integration.Tests.csproj", "{D7E8A60E-9DC9-4EBD-B03B-1EE30724919C}"
EndProject
Project("{9A19103F-16F7-4668-BE54-9A1E7A4F7556}") = "Google.Books.API", "Google.Books.API\Google.Books.API.csproj", "{2758BEDE-DD6E-40E0-A609-33EA745BC093}"
EndProject
Project("{9A19103F-16F7-4668-BE54-9A1E7A4F7556}") = "SelfServiceLibrary.Email", "SelfServiceLibrary.Email\SelfServiceLibrary.Email.csproj", "{41F6DF4C-1EE9-44CD-97B6-A7F653E03C59}"
EndProject
Project("{9A19103F-16F7-4668-BE54-9A1E7A4F7556}") = "SelfServiceLibrary.BG", "SelfServiceLibrary.BG\SelfServiceLibrary.BG.csproj", "{CB5DD89E-3D5E-4FFB-B733-E27F49A1BB94}"
EndProject
Project("{9A19103F-16F7-4668-BE54-9A1E7A4F7556}") = "SelfServiceLibrary.Infrastrucutre.Tests", "SelfServiceLibrary.Infrastrucutre.Tests\SelfServiceLibrary.Infrastrucutre.Tests.csproj", "{D2950465-CCB2-4CFB-BFC2-FDE21DE9A1BC}"
EndProject
Project("{FAE04EC0-301F-11D3-BF4B-00C04F79EFBC}") = "SelfServiceLibrary.Unit.Tests", "SelfServiceLibrary.Unit.Tests\SelfServiceLibrary.Unit.Tests.csproj", "{D31ACD6F-04A1-42D4-96D0-080776B7019F}"
EndProject
Global
	GlobalSection(SolutionConfigurationPlatforms) = preSolution
		Debug|Any CPU = Debug|Any CPU
		Release|Any CPU = Release|Any CPU
	EndGlobalSection
	GlobalSection(ProjectConfigurationPlatforms) = postSolution
		{66D32E9C-9A91-4CFF-9DAE-BAFD0BEA28F9}.Debug|Any CPU.ActiveCfg = Debug|Any CPU
		{66D32E9C-9A91-4CFF-9DAE-BAFD0BEA28F9}.Debug|Any CPU.Build.0 = Debug|Any CPU
		{66D32E9C-9A91-4CFF-9DAE-BAFD0BEA28F9}.Release|Any CPU.ActiveCfg = Release|Any CPU
		{66D32E9C-9A91-4CFF-9DAE-BAFD0BEA28F9}.Release|Any CPU.Build.0 = Release|Any CPU
		{BC444DD5-A742-445C-B06A-081656CAE24F}.Debug|Any CPU.ActiveCfg = Debug|Any CPU
		{BC444DD5-A742-445C-B06A-081656CAE24F}.Debug|Any CPU.Build.0 = Debug|Any CPU
		{BC444DD5-A742-445C-B06A-081656CAE24F}.Release|Any CPU.ActiveCfg = Release|Any CPU
		{BC444DD5-A742-445C-B06A-081656CAE24F}.Release|Any CPU.Build.0 = Release|Any CPU
		{637E9D17-1776-438F-AC73-9005C7B4E978}.Debug|Any CPU.ActiveCfg = Debug|Any CPU
		{637E9D17-1776-438F-AC73-9005C7B4E978}.Debug|Any CPU.Build.0 = Debug|Any CPU
		{637E9D17-1776-438F-AC73-9005C7B4E978}.Release|Any CPU.ActiveCfg = Release|Any CPU
		{637E9D17-1776-438F-AC73-9005C7B4E978}.Release|Any CPU.Build.0 = Release|Any CPU
		{810CF947-F831-47D7-9F5F-17333F7A7B03}.Debug|Any CPU.ActiveCfg = Debug|Any CPU
		{810CF947-F831-47D7-9F5F-17333F7A7B03}.Debug|Any CPU.Build.0 = Debug|Any CPU
		{810CF947-F831-47D7-9F5F-17333F7A7B03}.Release|Any CPU.ActiveCfg = Release|Any CPU
		{810CF947-F831-47D7-9F5F-17333F7A7B03}.Release|Any CPU.Build.0 = Release|Any CPU
		{CCCB78AF-7FEF-4325-9D2A-6177DE2E1A5B}.Debug|Any CPU.ActiveCfg = Debug|Any CPU
		{CCCB78AF-7FEF-4325-9D2A-6177DE2E1A5B}.Debug|Any CPU.Build.0 = Debug|Any CPU
		{CCCB78AF-7FEF-4325-9D2A-6177DE2E1A5B}.Release|Any CPU.ActiveCfg = Release|Any CPU
		{CCCB78AF-7FEF-4325-9D2A-6177DE2E1A5B}.Release|Any CPU.Build.0 = Release|Any CPU
		{067C02D3-3F15-4017-B6B1-0D656656DC98}.Debug|Any CPU.ActiveCfg = Debug|Any CPU
		{067C02D3-3F15-4017-B6B1-0D656656DC98}.Debug|Any CPU.Build.0 = Debug|Any CPU
		{067C02D3-3F15-4017-B6B1-0D656656DC98}.Release|Any CPU.ActiveCfg = Release|Any CPU
		{067C02D3-3F15-4017-B6B1-0D656656DC98}.Release|Any CPU.Build.0 = Release|Any CPU
		{EF15AFAF-34D5-40D4-9BA8-5DFE6112B5FC}.Debug|Any CPU.ActiveCfg = Debug|Any CPU
		{EF15AFAF-34D5-40D4-9BA8-5DFE6112B5FC}.Debug|Any CPU.Build.0 = Debug|Any CPU
		{EF15AFAF-34D5-40D4-9BA8-5DFE6112B5FC}.Release|Any CPU.ActiveCfg = Release|Any CPU
		{EF15AFAF-34D5-40D4-9BA8-5DFE6112B5FC}.Release|Any CPU.Build.0 = Release|Any CPU
		{7CCC6CF5-5B9E-4C3D-87E8-6FEFDA52705E}.Debug|Any CPU.ActiveCfg = Debug|Any CPU
		{7CCC6CF5-5B9E-4C3D-87E8-6FEFDA52705E}.Debug|Any CPU.Build.0 = Debug|Any CPU
		{7CCC6CF5-5B9E-4C3D-87E8-6FEFDA52705E}.Release|Any CPU.ActiveCfg = Release|Any CPU
		{7CCC6CF5-5B9E-4C3D-87E8-6FEFDA52705E}.Release|Any CPU.Build.0 = Release|Any CPU
		{874086FB-5395-456E-A719-19ADFC4582D2}.Debug|Any CPU.ActiveCfg = Debug|Any CPU
		{874086FB-5395-456E-A719-19ADFC4582D2}.Debug|Any CPU.Build.0 = Debug|Any CPU
		{874086FB-5395-456E-A719-19ADFC4582D2}.Release|Any CPU.ActiveCfg = Release|Any CPU
		{874086FB-5395-456E-A719-19ADFC4582D2}.Release|Any CPU.Build.0 = Release|Any CPU
		{20FFBAB3-FB8A-4C53-952D-4135F6AEDCC6}.Debug|Any CPU.ActiveCfg = Debug|Any CPU
		{20FFBAB3-FB8A-4C53-952D-4135F6AEDCC6}.Debug|Any CPU.Build.0 = Debug|Any CPU
		{20FFBAB3-FB8A-4C53-952D-4135F6AEDCC6}.Release|Any CPU.ActiveCfg = Release|Any CPU
		{20FFBAB3-FB8A-4C53-952D-4135F6AEDCC6}.Release|Any CPU.Build.0 = Release|Any CPU
		{F5B5D967-01E6-44EB-B4A2-B33BF4D2F0E4}.Debug|Any CPU.ActiveCfg = Debug|Any CPU
		{F5B5D967-01E6-44EB-B4A2-B33BF4D2F0E4}.Debug|Any CPU.Build.0 = Debug|Any CPU
		{F5B5D967-01E6-44EB-B4A2-B33BF4D2F0E4}.Release|Any CPU.ActiveCfg = Release|Any CPU
		{F5B5D967-01E6-44EB-B4A2-B33BF4D2F0E4}.Release|Any CPU.Build.0 = Release|Any CPU
		{D7E8A60E-9DC9-4EBD-B03B-1EE30724919C}.Debug|Any CPU.ActiveCfg = Debug|Any CPU
		{D7E8A60E-9DC9-4EBD-B03B-1EE30724919C}.Debug|Any CPU.Build.0 = Debug|Any CPU
		{D7E8A60E-9DC9-4EBD-B03B-1EE30724919C}.Release|Any CPU.ActiveCfg = Release|Any CPU
		{D7E8A60E-9DC9-4EBD-B03B-1EE30724919C}.Release|Any CPU.Build.0 = Release|Any CPU
		{2758BEDE-DD6E-40E0-A609-33EA745BC093}.Debug|Any CPU.ActiveCfg = Debug|Any CPU
		{2758BEDE-DD6E-40E0-A609-33EA745BC093}.Debug|Any CPU.Build.0 = Debug|Any CPU
		{2758BEDE-DD6E-40E0-A609-33EA745BC093}.Release|Any CPU.ActiveCfg = Release|Any CPU
		{2758BEDE-DD6E-40E0-A609-33EA745BC093}.Release|Any CPU.Build.0 = Release|Any CPU
		{41F6DF4C-1EE9-44CD-97B6-A7F653E03C59}.Debug|Any CPU.ActiveCfg = Debug|Any CPU
		{41F6DF4C-1EE9-44CD-97B6-A7F653E03C59}.Debug|Any CPU.Build.0 = Debug|Any CPU
		{41F6DF4C-1EE9-44CD-97B6-A7F653E03C59}.Release|Any CPU.ActiveCfg = Release|Any CPU
		{41F6DF4C-1EE9-44CD-97B6-A7F653E03C59}.Release|Any CPU.Build.0 = Release|Any CPU
		{CB5DD89E-3D5E-4FFB-B733-E27F49A1BB94}.Debug|Any CPU.ActiveCfg = Debug|Any CPU
		{CB5DD89E-3D5E-4FFB-B733-E27F49A1BB94}.Debug|Any CPU.Build.0 = Debug|Any CPU
		{CB5DD89E-3D5E-4FFB-B733-E27F49A1BB94}.Release|Any CPU.ActiveCfg = Release|Any CPU
		{CB5DD89E-3D5E-4FFB-B733-E27F49A1BB94}.Release|Any CPU.Build.0 = Release|Any CPU
		{D2950465-CCB2-4CFB-BFC2-FDE21DE9A1BC}.Debug|Any CPU.ActiveCfg = Debug|Any CPU
		{D2950465-CCB2-4CFB-BFC2-FDE21DE9A1BC}.Debug|Any CPU.Build.0 = Debug|Any CPU
		{D2950465-CCB2-4CFB-BFC2-FDE21DE9A1BC}.Release|Any CPU.ActiveCfg = Release|Any CPU
		{D2950465-CCB2-4CFB-BFC2-FDE21DE9A1BC}.Release|Any CPU.Build.0 = Release|Any CPU
		{D31ACD6F-04A1-42D4-96D0-080776B7019F}.Debug|Any CPU.ActiveCfg = Debug|Any CPU
		{D31ACD6F-04A1-42D4-96D0-080776B7019F}.Debug|Any CPU.Build.0 = Debug|Any CPU
		{D31ACD6F-04A1-42D4-96D0-080776B7019F}.Release|Any CPU.ActiveCfg = Release|Any CPU
		{D31ACD6F-04A1-42D4-96D0-080776B7019F}.Release|Any CPU.Build.0 = Release|Any CPU
	EndGlobalSection
	GlobalSection(SolutionProperties) = preSolution
		HideSolutionNode = FALSE
	EndGlobalSection
	GlobalSection(NestedProjects) = preSolution
		{66D32E9C-9A91-4CFF-9DAE-BAFD0BEA28F9} = {3FA47278-D4A0-4897-9D18-6B2A6A03E88D}
		{637E9D17-1776-438F-AC73-9005C7B4E978} = {3FA47278-D4A0-4897-9D18-6B2A6A03E88D}
		{810CF947-F831-47D7-9F5F-17333F7A7B03} = {0EF7C10D-89FF-430F-B1C7-AE5CC5B16860}
		{CCCB78AF-7FEF-4325-9D2A-6177DE2E1A5B} = {75F64DE0-3BE1-4164-913D-DA5B09743B5A}
		{067C02D3-3F15-4017-B6B1-0D656656DC98} = {75F64DE0-3BE1-4164-913D-DA5B09743B5A}
		{EF15AFAF-34D5-40D4-9BA8-5DFE6112B5FC} = {75F64DE0-3BE1-4164-913D-DA5B09743B5A}
		{7CCC6CF5-5B9E-4C3D-87E8-6FEFDA52705E} = {75F64DE0-3BE1-4164-913D-DA5B09743B5A}
		{874086FB-5395-456E-A719-19ADFC4582D2} = {8453474E-6A5C-4B79-9C81-49FA794A73E4}
		{20FFBAB3-FB8A-4C53-952D-4135F6AEDCC6} = {75F64DE0-3BE1-4164-913D-DA5B09743B5A}
		{F5B5D967-01E6-44EB-B4A2-B33BF4D2F0E4} = {0EF7C10D-89FF-430F-B1C7-AE5CC5B16860}
		{D7E8A60E-9DC9-4EBD-B03B-1EE30724919C} = {8453474E-6A5C-4B79-9C81-49FA794A73E4}
		{2758BEDE-DD6E-40E0-A609-33EA745BC093} = {75F64DE0-3BE1-4164-913D-DA5B09743B5A}
		{41F6DF4C-1EE9-44CD-97B6-A7F653E03C59} = {75F64DE0-3BE1-4164-913D-DA5B09743B5A}
		{CB5DD89E-3D5E-4FFB-B733-E27F49A1BB94} = {3FA47278-D4A0-4897-9D18-6B2A6A03E88D}
		{D2950465-CCB2-4CFB-BFC2-FDE21DE9A1BC} = {8453474E-6A5C-4B79-9C81-49FA794A73E4}
		{D31ACD6F-04A1-42D4-96D0-080776B7019F} = {8453474E-6A5C-4B79-9C81-49FA794A73E4}
	EndGlobalSection
	GlobalSection(ExtensibilityGlobals) = postSolution
		SolutionGuid = {BFEF83D8-9393-445C-9E66-0821FD211DB1}
	EndGlobalSection
EndGlobal
